
Microsoft Visual Studio Solution File, Format Version 12.00
Project("{FAE04EC0-301F-11D3-BF4B-00C04F79EFBC}") = "Api", "Api\Api.csproj", "{848C1885-8916-4044-876C-F3E7C24AC353}"
EndProject
Project("{FAE04EC0-301F-11D3-BF4B-00C04F79EFBC}") = "Client", "Client\Client.csproj", "{DDC53E55-BA06-4A96-A02D-CD6B3A990ECE}"
EndProject
Project("{2150E333-8FDC-42A3-9474-1A3956D46DE8}") = "Tests", "Tests", "{4535EE0F-19BA-4F83-930F-D1EE05EE9281}"
EndProject
Project("{FAE04EC0-301F-11D3-BF4B-00C04F79EFBC}") = "Performance", "Performance\Performance.csproj", "{7249148D-1DC3-4216-A285-31A4A11B1047}"
EndProject
Project("{FAE04EC0-301F-11D3-BF4B-00C04F79EFBC}") = "IntegrationTests", "IntegrationTests\IntegrationTests.csproj", "{F26D5597-2AC8-4846-96C2-F5F8356C5492}"
EndProject
Global
	GlobalSection(SolutionConfigurationPlatforms) = preSolution
		Debug|Any CPU = Debug|Any CPU
		Release|Any CPU = Release|Any CPU
	EndGlobalSection
	GlobalSection(ProjectConfigurationPlatforms) = postSolution
		{848C1885-8916-4044-876C-F3E7C24AC353}.Debug|Any CPU.ActiveCfg = Debug|Any CPU
		{848C1885-8916-4044-876C-F3E7C24AC353}.Debug|Any CPU.Build.0 = Debug|Any CPU
		{848C1885-8916-4044-876C-F3E7C24AC353}.Release|Any CPU.ActiveCfg = Release|Any CPU
		{848C1885-8916-4044-876C-F3E7C24AC353}.Release|Any CPU.Build.0 = Release|Any CPU
		{DDC53E55-BA06-4A96-A02D-CD6B3A990ECE}.Debug|Any CPU.ActiveCfg = Debug|Any CPU
		{DDC53E55-BA06-4A96-A02D-CD6B3A990ECE}.Debug|Any CPU.Build.0 = Debug|Any CPU
		{DDC53E55-BA06-4A96-A02D-CD6B3A990ECE}.Release|Any CPU.ActiveCfg = Release|Any CPU
		{DDC53E55-BA06-4A96-A02D-CD6B3A990ECE}.Release|Any CPU.Build.0 = Release|Any CPU
		{7249148D-1DC3-4216-A285-31A4A11B1047}.Debug|Any CPU.ActiveCfg = Debug|Any CPU
		{7249148D-1DC3-4216-A285-31A4A11B1047}.Debug|Any CPU.Build.0 = Debug|Any CPU
		{7249148D-1DC3-4216-A285-31A4A11B1047}.Release|Any CPU.ActiveCfg = Release|Any CPU
		{7249148D-1DC3-4216-A285-31A4A11B1047}.Release|Any CPU.Build.0 = Release|Any CPU
		{F26D5597-2AC8-4846-96C2-F5F8356C5492}.Debug|Any CPU.ActiveCfg = Debug|Any CPU
		{F26D5597-2AC8-4846-96C2-F5F8356C5492}.Debug|Any CPU.Build.0 = Debug|Any CPU
		{F26D5597-2AC8-4846-96C2-F5F8356C5492}.Release|Any CPU.ActiveCfg = Release|Any CPU
		{F26D5597-2AC8-4846-96C2-F5F8356C5492}.Release|Any CPU.Build.0 = Release|Any CPU
	EndGlobalSection
	GlobalSection(NestedProjects) = preSolution
		{7249148D-1DC3-4216-A285-31A4A11B1047} = {4535EE0F-19BA-4F83-930F-D1EE05EE9281}
		{F26D5597-2AC8-4846-96C2-F5F8356C5492} = {4535EE0F-19BA-4F83-930F-D1EE05EE9281}
	EndGlobalSection
EndGlobal
