
Microsoft Visual Studio Solution File, Format Version 12.00
Project("{FAE04EC0-301F-11D3-BF4B-00C04F79EFBC}") = "Api", "Api\Api.csproj", "{848C1885-8916-4044-876C-F3E7C24AC353}"
EndProject
Project("{FAE04EC0-301F-11D3-BF4B-00C04F79EFBC}") = "Client", "Client\Client.csproj", "{DDC53E55-BA06-4A96-A02D-CD6B3A990ECE}"
EndProject
Project("{2150E333-8FDC-42A3-9474-1A3956D46DE8}") = "Tests", "Tests", "{4535EE0F-19BA-4F83-930F-D1EE05EE9281}"
EndProject
Project("{FAE04EC0-301F-11D3-BF4B-00C04F79EFBC}") = "Performance", "Performance\Performance.csproj", "{7249148D-1DC3-4216-A285-31A4A11B1047}"
EndProject
Project("{FAE04EC0-301F-11D3-BF4B-00C04F79EFBC}") = "IntegrationTests", "IntegrationTests\IntegrationTests.csproj", "{F26D5597-2AC8-4846-96C2-F5F8356C5492}"
EndProject
Project("{FAE04EC0-301F-11D3-BF4B-00C04F79EFBC}") = "Domain", "Domain\Domain.csproj", "{BA703F60-8755-491D-A31D-0B0EF01C474D}"
EndProject
Project("{FAE04EC0-301F-11D3-BF4B-00C04F79EFBC}") = "Persistence", "Persistence\Persistence.csproj", "{F81A6695-2035-4196-9CFF-AC04F5531B70}"
EndProject
Project("{2150E333-8FDC-42A3-9474-1A3956D46DE8}") = "App", "App", "{54D252F0-47F1-4422-97EE-95204E2C0144}"
EndProject
Project("{FAE04EC0-301F-11D3-BF4B-00C04F79EFBC}") = "Authentication", "Authentication\Authentication.csproj", "{BB5CA3F0-7FF6-4FED-9F1D-A828E0A37865}"
EndProject
Project("{FAE04EC0-301F-11D3-BF4B-00C04F79EFBC}") = "Authentication.Abstractions", "Authentication.Abstractions\Authentication.Abstractions.csproj", "{91378085-3C35-4B1F-8217-033B2B2A6371}"
EndProject
Project("{FAE04EC0-301F-11D3-BF4B-00C04F79EFBC}") = "Client.Contracts", "Client.Contracts\Client.Contracts.csproj", "{5D9177B3-DFEE-4A6E-8398-ECFD1C67F1C3}"
EndProject
Project("{FAE04EC0-301F-11D3-BF4B-00C04F79EFBC}") = "ApplicationLayer", "ApplicationLayer\ApplicationLayer.csproj", "{0CFFC589-CB8B-4C73-B804-C7FAD0284310}"
EndProject
Project("{FAE04EC0-301F-11D3-BF4B-00C04F79EFBC}") = "ApplicationLayer.Contracts", "ApplicationLayer.Contracts\ApplicationLayer.Contracts.csproj", "{A54F7427-47A8-4EB5-9783-FF089763D96E}"
EndProject
Project("{FAE04EC0-301F-11D3-BF4B-00C04F79EFBC}") = "Persistence.Abstractions", "Persistence.Abstractions\Persistence.Abstractions.csproj", "{87410127-A827-4797-82B8-7DAABFCC8DDF}"
EndProject
Project("{FAE04EC0-301F-11D3-BF4B-00C04F79EFBC}") = "Composition", "Composition\Composition.csproj", "{8EDAFD0A-BAA7-4B8C-95FA-1C27F85A84B4}"
EndProject
Project("{FAE04EC0-301F-11D3-BF4B-00C04F79EFBC}") = "UnitTests", "UnitTests\UnitTests.csproj", "{4F3E0FC4-113E-4286-8161-B001FD221225}"
EndProject
Global
	GlobalSection(SolutionConfigurationPlatforms) = preSolution
		Debug|Any CPU = Debug|Any CPU
		Release|Any CPU = Release|Any CPU
	EndGlobalSection
	GlobalSection(ProjectConfigurationPlatforms) = postSolution
		{848C1885-8916-4044-876C-F3E7C24AC353}.Debug|Any CPU.ActiveCfg = Debug|Any CPU
		{848C1885-8916-4044-876C-F3E7C24AC353}.Debug|Any CPU.Build.0 = Debug|Any CPU
		{848C1885-8916-4044-876C-F3E7C24AC353}.Release|Any CPU.ActiveCfg = Release|Any CPU
		{848C1885-8916-4044-876C-F3E7C24AC353}.Release|Any CPU.Build.0 = Release|Any CPU
		{DDC53E55-BA06-4A96-A02D-CD6B3A990ECE}.Debug|Any CPU.ActiveCfg = Debug|Any CPU
		{DDC53E55-BA06-4A96-A02D-CD6B3A990ECE}.Debug|Any CPU.Build.0 = Debug|Any CPU
		{DDC53E55-BA06-4A96-A02D-CD6B3A990ECE}.Release|Any CPU.ActiveCfg = Release|Any CPU
		{DDC53E55-BA06-4A96-A02D-CD6B3A990ECE}.Release|Any CPU.Build.0 = Release|Any CPU
		{7249148D-1DC3-4216-A285-31A4A11B1047}.Debug|Any CPU.ActiveCfg = Debug|Any CPU
		{7249148D-1DC3-4216-A285-31A4A11B1047}.Debug|Any CPU.Build.0 = Debug|Any CPU
		{7249148D-1DC3-4216-A285-31A4A11B1047}.Release|Any CPU.ActiveCfg = Release|Any CPU
		{7249148D-1DC3-4216-A285-31A4A11B1047}.Release|Any CPU.Build.0 = Release|Any CPU
		{F26D5597-2AC8-4846-96C2-F5F8356C5492}.Debug|Any CPU.ActiveCfg = Debug|Any CPU
		{F26D5597-2AC8-4846-96C2-F5F8356C5492}.Debug|Any CPU.Build.0 = Debug|Any CPU
		{F26D5597-2AC8-4846-96C2-F5F8356C5492}.Release|Any CPU.ActiveCfg = Release|Any CPU
		{F26D5597-2AC8-4846-96C2-F5F8356C5492}.Release|Any CPU.Build.0 = Release|Any CPU
		{BA703F60-8755-491D-A31D-0B0EF01C474D}.Debug|Any CPU.ActiveCfg = Debug|Any CPU
		{BA703F60-8755-491D-A31D-0B0EF01C474D}.Debug|Any CPU.Build.0 = Debug|Any CPU
		{BA703F60-8755-491D-A31D-0B0EF01C474D}.Release|Any CPU.ActiveCfg = Release|Any CPU
		{BA703F60-8755-491D-A31D-0B0EF01C474D}.Release|Any CPU.Build.0 = Release|Any CPU
		{F81A6695-2035-4196-9CFF-AC04F5531B70}.Debug|Any CPU.ActiveCfg = Debug|Any CPU
		{F81A6695-2035-4196-9CFF-AC04F5531B70}.Debug|Any CPU.Build.0 = Debug|Any CPU
		{F81A6695-2035-4196-9CFF-AC04F5531B70}.Release|Any CPU.ActiveCfg = Release|Any CPU
		{F81A6695-2035-4196-9CFF-AC04F5531B70}.Release|Any CPU.Build.0 = Release|Any CPU
		{BB5CA3F0-7FF6-4FED-9F1D-A828E0A37865}.Debug|Any CPU.ActiveCfg = Debug|Any CPU
		{BB5CA3F0-7FF6-4FED-9F1D-A828E0A37865}.Debug|Any CPU.Build.0 = Debug|Any CPU
		{BB5CA3F0-7FF6-4FED-9F1D-A828E0A37865}.Release|Any CPU.ActiveCfg = Release|Any CPU
		{BB5CA3F0-7FF6-4FED-9F1D-A828E0A37865}.Release|Any CPU.Build.0 = Release|Any CPU
		{91378085-3C35-4B1F-8217-033B2B2A6371}.Debug|Any CPU.ActiveCfg = Debug|Any CPU
		{91378085-3C35-4B1F-8217-033B2B2A6371}.Debug|Any CPU.Build.0 = Debug|Any CPU
		{91378085-3C35-4B1F-8217-033B2B2A6371}.Release|Any CPU.ActiveCfg = Release|Any CPU
		{91378085-3C35-4B1F-8217-033B2B2A6371}.Release|Any CPU.Build.0 = Release|Any CPU
		{5D9177B3-DFEE-4A6E-8398-ECFD1C67F1C3}.Debug|Any CPU.ActiveCfg = Debug|Any CPU
		{5D9177B3-DFEE-4A6E-8398-ECFD1C67F1C3}.Debug|Any CPU.Build.0 = Debug|Any CPU
		{5D9177B3-DFEE-4A6E-8398-ECFD1C67F1C3}.Release|Any CPU.ActiveCfg = Release|Any CPU
		{5D9177B3-DFEE-4A6E-8398-ECFD1C67F1C3}.Release|Any CPU.Build.0 = Release|Any CPU
		{0CFFC589-CB8B-4C73-B804-C7FAD0284310}.Debug|Any CPU.ActiveCfg = Debug|Any CPU
		{0CFFC589-CB8B-4C73-B804-C7FAD0284310}.Debug|Any CPU.Build.0 = Debug|Any CPU
		{0CFFC589-CB8B-4C73-B804-C7FAD0284310}.Release|Any CPU.ActiveCfg = Release|Any CPU
		{0CFFC589-CB8B-4C73-B804-C7FAD0284310}.Release|Any CPU.Build.0 = Release|Any CPU
		{A54F7427-47A8-4EB5-9783-FF089763D96E}.Debug|Any CPU.ActiveCfg = Debug|Any CPU
		{A54F7427-47A8-4EB5-9783-FF089763D96E}.Debug|Any CPU.Build.0 = Debug|Any CPU
		{A54F7427-47A8-4EB5-9783-FF089763D96E}.Release|Any CPU.ActiveCfg = Release|Any CPU
		{A54F7427-47A8-4EB5-9783-FF089763D96E}.Release|Any CPU.Build.0 = Release|Any CPU
		{87410127-A827-4797-82B8-7DAABFCC8DDF}.Debug|Any CPU.ActiveCfg = Debug|Any CPU
		{87410127-A827-4797-82B8-7DAABFCC8DDF}.Debug|Any CPU.Build.0 = Debug|Any CPU
		{87410127-A827-4797-82B8-7DAABFCC8DDF}.Release|Any CPU.ActiveCfg = Release|Any CPU
		{87410127-A827-4797-82B8-7DAABFCC8DDF}.Release|Any CPU.Build.0 = Release|Any CPU
		{8EDAFD0A-BAA7-4B8C-95FA-1C27F85A84B4}.Debug|Any CPU.ActiveCfg = Debug|Any CPU
		{8EDAFD0A-BAA7-4B8C-95FA-1C27F85A84B4}.Debug|Any CPU.Build.0 = Debug|Any CPU
		{8EDAFD0A-BAA7-4B8C-95FA-1C27F85A84B4}.Release|Any CPU.ActiveCfg = Release|Any CPU
		{8EDAFD0A-BAA7-4B8C-95FA-1C27F85A84B4}.Release|Any CPU.Build.0 = Release|Any CPU
		{4F3E0FC4-113E-4286-8161-B001FD221225}.Debug|Any CPU.ActiveCfg = Debug|Any CPU
		{4F3E0FC4-113E-4286-8161-B001FD221225}.Debug|Any CPU.Build.0 = Debug|Any CPU
		{4F3E0FC4-113E-4286-8161-B001FD221225}.Release|Any CPU.ActiveCfg = Release|Any CPU
		{4F3E0FC4-113E-4286-8161-B001FD221225}.Release|Any CPU.Build.0 = Release|Any CPU
	EndGlobalSection
	GlobalSection(NestedProjects) = preSolution
		{7249148D-1DC3-4216-A285-31A4A11B1047} = {4535EE0F-19BA-4F83-930F-D1EE05EE9281}
		{F26D5597-2AC8-4846-96C2-F5F8356C5492} = {4535EE0F-19BA-4F83-930F-D1EE05EE9281}
		{BA703F60-8755-491D-A31D-0B0EF01C474D} = {54D252F0-47F1-4422-97EE-95204E2C0144}
		{DDC53E55-BA06-4A96-A02D-CD6B3A990ECE} = {54D252F0-47F1-4422-97EE-95204E2C0144}
		{848C1885-8916-4044-876C-F3E7C24AC353} = {54D252F0-47F1-4422-97EE-95204E2C0144}
		{BB5CA3F0-7FF6-4FED-9F1D-A828E0A37865} = {54D252F0-47F1-4422-97EE-95204E2C0144}
		{91378085-3C35-4B1F-8217-033B2B2A6371} = {54D252F0-47F1-4422-97EE-95204E2C0144}
		{5D9177B3-DFEE-4A6E-8398-ECFD1C67F1C3} = {54D252F0-47F1-4422-97EE-95204E2C0144}
		{F81A6695-2035-4196-9CFF-AC04F5531B70} = {54D252F0-47F1-4422-97EE-95204E2C0144}
		{0CFFC589-CB8B-4C73-B804-C7FAD0284310} = {54D252F0-47F1-4422-97EE-95204E2C0144}
		{A54F7427-47A8-4EB5-9783-FF089763D96E} = {54D252F0-47F1-4422-97EE-95204E2C0144}
		{87410127-A827-4797-82B8-7DAABFCC8DDF} = {54D252F0-47F1-4422-97EE-95204E2C0144}
		{8EDAFD0A-BAA7-4B8C-95FA-1C27F85A84B4} = {54D252F0-47F1-4422-97EE-95204E2C0144}
		{4F3E0FC4-113E-4286-8161-B001FD221225} = {4535EE0F-19BA-4F83-930F-D1EE05EE9281}
	EndGlobalSection
EndGlobal
